
Microsoft Visual Studio Solution File, Format Version 12.00
# Visual Studio Version 17
VisualStudioVersion = 17.6.33723.286
MinimumVisualStudioVersion = 10.0.40219.1
Project("{FAE04EC0-301F-11D3-BF4B-00C04F79EFBC}") = "eTickets", "eTickets\eTickets.csproj", "{C9A1655D-3E62-45F2-8533-4482A67AA67A}"
EndProject
Global
	GlobalSection(SolutionConfigurationPlatforms) = preSolution
		Debug|Any CPU = Debug|Any CPU
		Release|Any CPU = Release|Any CPU
	EndGlobalSection
	GlobalSection(ProjectConfigurationPlatforms) = postSolution
		{C9A1655D-3E62-45F2-8533-4482A67AA67A}.Debug|Any CPU.ActiveCfg = Debug|Any CPU
		{C9A1655D-3E62-45F2-8533-4482A67AA67A}.Debug|Any CPU.Build.0 = Debug|Any CPU
		{C9A1655D-3E62-45F2-8533-4482A67AA67A}.Release|Any CPU.ActiveCfg = Release|Any CPU
		{C9A1655D-3E62-45F2-8533-4482A67AA67A}.Release|Any CPU.Build.0 = Release|Any CPU
	EndGlobalSection
	GlobalSection(SolutionProperties) = preSolution
		HideSolutionNode = FALSE
	EndGlobalSection
	GlobalSection(ExtensibilityGlobals) = postSolution
		SolutionGuid = {94B17224-7449-4FD4-BDE3-04E67EC2CECA}
	EndGlobalSection
EndGlobal
